
Microsoft Visual Studio Solution File, Format Version 12.00
# Visual Studio Version 17
VisualStudioVersion = 17.6.33723.286
MinimumVisualStudioVersion = 10.0.40219.1
Project("{9A19103F-16F7-4668-BE54-9A1E7A4F7556}") = "WebApiService", "WebApiReact\WebApiService.csproj", "{71342B64-A8EF-40E6-BBFE-AFCBAACB7D58}"
EndProject
Project("{FAE04EC0-301F-11D3-BF4B-00C04F79EFBC}") = "BackendDataService", "BackendDataService\BackendDataService.csproj", "{72E95A7C-8C8F-4313-AEF7-BE1CFEB9348C}"
EndProject
Global
	GlobalSection(SolutionConfigurationPlatforms) = preSolution
		Debug|Any CPU = Debug|Any CPU
		Release|Any CPU = Release|Any CPU
	EndGlobalSection
	GlobalSection(ProjectConfigurationPlatforms) = postSolution
		{71342B64-A8EF-40E6-BBFE-AFCBAACB7D58}.Debug|Any CPU.ActiveCfg = Debug|Any CPU
		{71342B64-A8EF-40E6-BBFE-AFCBAACB7D58}.Debug|Any CPU.Build.0 = Debug|Any CPU
		{71342B64-A8EF-40E6-BBFE-AFCBAACB7D58}.Release|Any CPU.ActiveCfg = Release|Any CPU
		{71342B64-A8EF-40E6-BBFE-AFCBAACB7D58}.Release|Any CPU.Build.0 = Release|Any CPU
		{72E95A7C-8C8F-4313-AEF7-BE1CFEB9348C}.Debug|Any CPU.ActiveCfg = Debug|Any CPU
		{72E95A7C-8C8F-4313-AEF7-BE1CFEB9348C}.Debug|Any CPU.Build.0 = Debug|Any CPU
		{72E95A7C-8C8F-4313-AEF7-BE1CFEB9348C}.Release|Any CPU.ActiveCfg = Release|Any CPU
		{72E95A7C-8C8F-4313-AEF7-BE1CFEB9348C}.Release|Any CPU.Build.0 = Release|Any CPU
	EndGlobalSection
	GlobalSection(SolutionProperties) = preSolution
		HideSolutionNode = FALSE
	EndGlobalSection
	GlobalSection(ExtensibilityGlobals) = postSolution
		SolutionGuid = {430627EA-2E40-4801-BE89-4AFF241973C5}
	EndGlobalSection
EndGlobal
